{
  "pins" : [
    {
      "identity" : "elegant-emoji-picker",
      "kind" : "remoteSourceControl",
      "location" : "https://github.com/Finalet/Elegant-Emoji-Picker",
      "state" : {
        "branch" : "main",
        "revision" : "3773a19e5e84b1de349349e0a8ed58db89e08137"
      }
    }
  ],
  "version" : 2
}
